
Microsoft Visual Studio Solution File, Format Version 12.00
# Visual Studio 15
VisualStudioVersion = 15.0.27130.2036
MinimumVisualStudioVersion = 10.0.40219.1
Project("{FAE04EC0-301F-11D3-BF4B-00C04F79EFBC}") = "DataTransferLayer", "DataTransferLayer\DataTransferLayer.csproj", "{6C13E1AF-0F15-4381-A064-D0813BBD22F9}"
EndProject
Project("{FAE04EC0-301F-11D3-BF4B-00C04F79EFBC}") = "MathClient", "MathClient\MathClient.csproj", "{C02E8778-2A03-452D-AF0D-931890AAD4D2}"
EndProject
Project("{FAE04EC0-301F-11D3-BF4B-00C04F79EFBC}") = "MathService", "MathService\MathService.csproj", "{CACCCED6-F07B-40C6-B697-B8AEED151F1B}"
EndProject
Global
	GlobalSection(SolutionConfigurationPlatforms) = preSolution
		Debug|Any CPU = Debug|Any CPU
		Release|Any CPU = Release|Any CPU
	EndGlobalSection
	GlobalSection(ProjectConfigurationPlatforms) = postSolution
		{6C13E1AF-0F15-4381-A064-D0813BBD22F9}.Debug|Any CPU.ActiveCfg = Debug|Any CPU
		{6C13E1AF-0F15-4381-A064-D0813BBD22F9}.Debug|Any CPU.Build.0 = Debug|Any CPU
		{6C13E1AF-0F15-4381-A064-D0813BBD22F9}.Release|Any CPU.ActiveCfg = Release|Any CPU
		{6C13E1AF-0F15-4381-A064-D0813BBD22F9}.Release|Any CPU.Build.0 = Release|Any CPU
		{C02E8778-2A03-452D-AF0D-931890AAD4D2}.Debug|Any CPU.ActiveCfg = Debug|Any CPU
		{C02E8778-2A03-452D-AF0D-931890AAD4D2}.Debug|Any CPU.Build.0 = Debug|Any CPU
		{C02E8778-2A03-452D-AF0D-931890AAD4D2}.Release|Any CPU.ActiveCfg = Release|Any CPU
		{C02E8778-2A03-452D-AF0D-931890AAD4D2}.Release|Any CPU.Build.0 = Release|Any CPU
		{CACCCED6-F07B-40C6-B697-B8AEED151F1B}.Debug|Any CPU.ActiveCfg = Debug|Any CPU
		{CACCCED6-F07B-40C6-B697-B8AEED151F1B}.Debug|Any CPU.Build.0 = Debug|Any CPU
		{CACCCED6-F07B-40C6-B697-B8AEED151F1B}.Release|Any CPU.ActiveCfg = Release|Any CPU
		{CACCCED6-F07B-40C6-B697-B8AEED151F1B}.Release|Any CPU.Build.0 = Release|Any CPU
	EndGlobalSection
	GlobalSection(SolutionProperties) = preSolution
		HideSolutionNode = FALSE
	EndGlobalSection
	GlobalSection(ExtensibilityGlobals) = postSolution
		SolutionGuid = {5EDF32BE-C3D6-4F53-807E-B7EF11ECC484}
	EndGlobalSection
EndGlobal
